
Microsoft Visual Studio Solution File, Format Version 12.00
# Visual Studio Version 17
VisualStudioVersion = 17.10.35013.160
MinimumVisualStudioVersion = 10.0.40219.1
Project("{FAE04EC0-301F-11D3-BF4B-00C04F79EFBC}") = "Test Week D", "Test Week D\Test Week D.csproj", "{C2686809-0211-45EC-A4EB-BD6CD2652A01}"
EndProject
Global
	GlobalSection(SolutionConfigurationPlatforms) = preSolution
		Debug|Any CPU = Debug|Any CPU
		Release|Any CPU = Release|Any CPU
	EndGlobalSection
	GlobalSection(ProjectConfigurationPlatforms) = postSolution
		{C2686809-0211-45EC-A4EB-BD6CD2652A01}.Debug|Any CPU.ActiveCfg = Debug|Any CPU
		{C2686809-0211-45EC-A4EB-BD6CD2652A01}.Debug|Any CPU.Build.0 = Debug|Any CPU
		{C2686809-0211-45EC-A4EB-BD6CD2652A01}.Release|Any CPU.ActiveCfg = Release|Any CPU
		{C2686809-0211-45EC-A4EB-BD6CD2652A01}.Release|Any CPU.Build.0 = Release|Any CPU
	EndGlobalSection
	GlobalSection(SolutionProperties) = preSolution
		HideSolutionNode = FALSE
	EndGlobalSection
	GlobalSection(ExtensibilityGlobals) = postSolution
		SolutionGuid = {2254CAF9-28AC-4A24-A9E9-952EA3D892DD}
	EndGlobalSection
EndGlobal
